// !$*UTF8*$!
{
	archiveVersion = 1;
	classes = {
	};
	objectVersion = 56;
	objects = {

/* Begin PBXBuildFile section */
		A206F4922BDBE89E00455A3B /* AppDelegate.swift in Sources */ = {isa = PBXBuildFile; fileRef = A206F4912BDBE89E00455A3B /* AppDelegate.swift */; };
		A206F4942BDBE89E00455A3B /* SceneDelegate.swift in Sources */ = {isa = PBXBuildFile; fileRef = A206F4932BDBE89E00455A3B /* SceneDelegate.swift */; };
		A206F4962BDBE89E00455A3B /* ViewController.swift in Sources */ = {isa = PBXBuildFile; fileRef = A206F4952BDBE89E00455A3B /* ViewController.swift */; };
		A206F4992BDBE89E00455A3B /* Base in Resources */ = {isa = PBXBuildFile; fileRef = A206F4982BDBE89E00455A3B /* Base */; };
		A206F49B2BDBE89F00455A3B /* Assets.xcassets in Resources */ = {isa = PBXBuildFile; fileRef = A206F49A2BDBE89F00455A3B /* Assets.xcassets */; };
		A206F49E2BDBE89F00455A3B /* Base in Resources */ = {isa = PBXBuildFile; fileRef = A206F49D2BDBE89F00455A3B /* Base */; };
		A206F4A92BDBE89F00455A3B /* TodayTests.swift in Sources */ = {isa = PBXBuildFile; fileRef = A206F4A82BDBE89F00455A3B /* TodayTests.swift */; };
		A206F4B32BDBE89F00455A3B /* TodayUITests.swift in Sources */ = {isa = PBXBuildFile; fileRef = A206F4B22BDBE89F00455A3B /* TodayUITests.swift */; };
		A206F4B52BDBE89F00455A3B /* TodayUITestsLaunchTests.swift in Sources */ = {isa = PBXBuildFile; fileRef = A206F4B42BDBE89F00455A3B /* TodayUITestsLaunchTests.swift */; };
/* End PBXBuildFile section */

/* Begin PBXContainerItemProxy section */
		A206F4A52BDBE89F00455A3B /* PBXContainerItemProxy */ = {
			isa = PBXContainerItemProxy;
			containerPortal = A206F4862BDBE89E00455A3B /* Project object */;
			proxyType = 1;
			remoteGlobalIDString = A206F48D2BDBE89E00455A3B;
			remoteInfo = Today;
		};
		A206F4AF2BDBE89F00455A3B /* PBXContainerItemProxy */ = {
			isa = PBXContainerItemProxy;
			containerPortal = A206F4862BDBE89E00455A3B /* Project object */;
			proxyType = 1;
			remoteGlobalIDString = A206F48D2BDBE89E00455A3B;
			remoteInfo = Today;
		};
/* End PBXContainerItemProxy section */

/* Begin PBXFileReference section */
		A206F48E2BDBE89E00455A3B /* Today.app */ = {isa = PBXFileReference; explicitFileType = wrapper.application; includeInIndex = 0; path = Today.app; sourceTree = BUILT_PRODUCTS_DIR; };
		A206F4912BDBE89E00455A3B /* AppDelegate.swift */ = {isa = PBXFileReference; lastKnownFileType = sourcecode.swift; path = AppDelegate.swift; sourceTree = "<group>"; };
		A206F4932BDBE89E00455A3B /* SceneDelegate.swift */ = {isa = PBXFileReference; lastKnownFileType = sourcecode.swift; path = SceneDelegate.swift; sourceTree = "<group>"; };
		A206F4952BDBE89E00455A3B /* ViewController.swift */ = {isa = PBXFileReference; lastKnownFileType = sourcecode.swift; path = ViewController.swift; sourceTree = "<group>"; };
		A206F4982BDBE89E00455A3B /* Base */ = {isa = PBXFileReference; lastKnownFileType = file.storyboard; name = Base; path = Base.lproj/Main.storyboard; sourceTree = "<group>"; };
		A206F49A2BDBE89F00455A3B /* Assets.xcassets */ = {isa = PBXFileReference; lastKnownFileType = folder.assetcatalog; path = Assets.xcassets; sourceTree = "<group>"; };
		A206F49D2BDBE89F00455A3B /* Base */ = {isa = PBXFileReference; lastKnownFileType = file.storyboard; name = Base; path = Base.lproj/LaunchScreen.storyboard; sourceTree = "<group>"; };
		A206F49F2BDBE89F00455A3B /* Info.plist */ = {isa = PBXFileReference; lastKnownFileType = text.plist.xml; path = Info.plist; sourceTree = "<group>"; };
		A206F4A42BDBE89F00455A3B /* TodayTests.xctest */ = {isa = PBXFileReference; explicitFileType = wrapper.cfbundle; includeInIndex = 0; path = TodayTests.xctest; sourceTree = BUILT_PRODUCTS_DIR; };
		A206F4A82BDBE89F00455A3B /* TodayTests.swift */ = {isa = PBXFileReference; lastKnownFileType = sourcecode.swift; path = TodayTests.swift; sourceTree = "<group>"; };
		A206F4AE2BDBE89F00455A3B /* TodayUITests.xctest */ = {isa = PBXFileReference; explicitFileType = wrapper.cfbundle; includeInIndex = 0; path = TodayUITests.xctest; sourceTree = BUILT_PRODUCTS_DIR; };
		A206F4B22BDBE89F00455A3B /* TodayUITests.swift */ = {isa = PBXFileReference; lastKnownFileType = sourcecode.swift; path = TodayUITests.swift; sourceTree = "<group>"; };
		A206F4B42BDBE89F00455A3B /* TodayUITestsLaunchTests.swift */ = {isa = PBXFileReference; lastKnownFileType = sourcecode.swift; path = TodayUITestsLaunchTests.swift; sourceTree = "<group>"; };
/* End PBXFileReference section */

/* Begin PBXFrameworksBuildPhase section */
		A206F48B2BDBE89E00455A3B /* Frameworks */ = {
			isa = PBXFrameworksBuildPhase;
			buildActionMask = 2147483647;
			files = (
			);
			runOnlyForDeploymentPostprocessing = 0;
		};
		A206F4A12BDBE89F00455A3B /* Frameworks */ = {
			isa = PBXFrameworksBuildPhase;
			buildActionMask = 2147483647;
			files = (
			);
			runOnlyForDeploymentPostprocessing = 0;
		};
		A206F4AB2BDBE89F00455A3B /* Frameworks */ = {
			isa = PBXFrameworksBuildPhase;
			buildActionMask = 2147483647;
			files = (
			);
			runOnlyForDeploymentPostprocessing = 0;
		};
/* End PBXFrameworksBuildPhase section */

/* Begin PBXGroup section */
		A206F4852BDBE89E00455A3B = {
			isa = PBXGroup;
			children = (
				A206F4902BDBE89E00455A3B /* Today */,
				A206F4A72BDBE89F00455A3B /* TodayTests */,
				A206F4B12BDBE89F00455A3B /* TodayUITests */,
				A206F48F2BDBE89E00455A3B /* Products */,
			);
			sourceTree = "<group>";
		};
		A206F48F2BDBE89E00455A3B /* Products */ = {
			isa = PBXGroup;
			children = (
				A206F48E2BDBE89E00455A3B /* Today.app */,
				A206F4A42BDBE89F00455A3B /* TodayTests.xctest */,
				A206F4AE2BDBE89F00455A3B /* TodayUITests.xctest */,
			);
			name = Products;
			sourceTree = "<group>";
		};
		A206F4902BDBE89E00455A3B /* Today */ = {
			isa = PBXGroup;
			children = (
				A206F4912BDBE89E00455A3B /* AppDelegate.swift */,
				A206F4932BDBE89E00455A3B /* SceneDelegate.swift */,
				A206F4952BDBE89E00455A3B /* ViewController.swift */,
				A206F4972BDBE89E00455A3B /* Main.storyboard */,
				A206F49A2BDBE89F00455A3B /* Assets.xcassets */,
				A206F49C2BDBE89F00455A3B /* LaunchScreen.storyboard */,
				A206F49F2BDBE89F00455A3B /* Info.plist */,
			);
			path = Today;
			sourceTree = "<group>";
		};
		A206F4A72BDBE89F00455A3B /* TodayTests */ = {
			isa = PBXGroup;
			children = (
				A206F4A82BDBE89F00455A3B /* TodayTests.swift */,
			);
			path = TodayTests;
			sourceTree = "<group>";
		};
		A206F4B12BDBE89F00455A3B /* TodayUITests */ = {
			isa = PBXGroup;
			children = (
				A206F4B22BDBE89F00455A3B /* TodayUITests.swift */,
				A206F4B42BDBE89F00455A3B /* TodayUITestsLaunchTests.swift */,
			);
			path = TodayUITests;
			sourceTree = "<group>";
		};
/* End PBXGroup section */

/* Begin PBXNativeTarget section */
		A206F48D2BDBE89E00455A3B /* Today */ = {
			isa = PBXNativeTarget;
			buildConfigurationList = A206F4B82BDBE89F00455A3B /* Build configuration list for PBXNativeTarget "Today" */;
			buildPhases = (
				A206F48A2BDBE89E00455A3B /* Sources */,
				A206F48B2BDBE89E00455A3B /* Frameworks */,
				A206F48C2BDBE89E00455A3B /* Resources */,
			);
			buildRules = (
			);
			dependencies = (
			);
			name = Today;
			productName = Today;
			productReference = A206F48E2BDBE89E00455A3B /* Today.app */;
			productType = "com.apple.product-type.application";
		};
		A206F4A32BDBE89F00455A3B /* TodayTests */ = {
			isa = PBXNativeTarget;
			buildConfigurationList = A206F4BB2BDBE89F00455A3B /* Build configuration list for PBXNativeTarget "TodayTests" */;
			buildPhases = (
				A206F4A02BDBE89F00455A3B /* Sources */,
				A206F4A12BDBE89F00455A3B /* Frameworks */,
				A206F4A22BDBE89F00455A3B /* Resources */,
			);
			buildRules = (
			);
			dependencies = (
				A206F4A62BDBE89F00455A3B /* PBXTargetDependency */,
			);
			name = TodayTests;
			productName = TodayTests;
			productReference = A206F4A42BDBE89F00455A3B /* TodayTests.xctest */;
			productType = "com.apple.product-type.bundle.unit-test";
		};
		A206F4AD2BDBE89F00455A3B /* TodayUITests */ = {
			isa = PBXNativeTarget;
			buildConfigurationList = A206F4BE2BDBE89F00455A3B /* Build configuration list for PBXNativeTarget "TodayUITests" */;
			buildPhases = (
				A206F4AA2BDBE89F00455A3B /* Sources */,
				A206F4AB2BDBE89F00455A3B /* Frameworks */,
				A206F4AC2BDBE89F00455A3B /* Resources */,
			);
			buildRules = (
			);
			dependencies = (
				A206F4B02BDBE89F00455A3B /* PBXTargetDependency */,
			);
			name = TodayUITests;
			productName = TodayUITests;
			productReference = A206F4AE2BDBE89F00455A3B /* TodayUITests.xctest */;
			productType = "com.apple.product-type.bundle.ui-testing";
		};
/* End PBXNativeTarget section */

/* Begin PBXProject section */
		A206F4862BDBE89E00455A3B /* Project object */ = {
			isa = PBXProject;
			attributes = {
				BuildIndependentTargetsInParallel = 1;
				LastSwiftUpdateCheck = 1530;
				LastUpgradeCheck = 1530;
				TargetAttributes = {
					A206F48D2BDBE89E00455A3B = {
						CreatedOnToolsVersion = 15.3;
					};
					A206F4A32BDBE89F00455A3B = {
						CreatedOnToolsVersion = 15.3;
						TestTargetID = A206F48D2BDBE89E00455A3B;
					};
					A206F4AD2BDBE89F00455A3B = {
						CreatedOnToolsVersion = 15.3;
						TestTargetID = A206F48D2BDBE89E00455A3B;
					};
				};
			};
			buildConfigurationList = A206F4892BDBE89E00455A3B /* Build configuration list for PBXProject "Today" */;
			compatibilityVersion = "Xcode 14.0";
			developmentRegion = en;
			hasScannedForEncodings = 0;
			knownRegions = (
				en,
				Base,
			);
			mainGroup = A206F4852BDBE89E00455A3B;
			productRefGroup = A206F48F2BDBE89E00455A3B /* Products */;
			projectDirPath = "";
			projectRoot = "";
			targets = (
				A206F48D2BDBE89E00455A3B /* Today */,
				A206F4A32BDBE89F00455A3B /* TodayTests */,
				A206F4AD2BDBE89F00455A3B /* TodayUITests */,
			);
		};
/* End PBXProject section */

/* Begin PBXResourcesBuildPhase section */
		A206F48C2BDBE89E00455A3B /* Resources */ = {
			isa = PBXResourcesBuildPhase;
			buildActionMask = 2147483647;
			files = (
				A206F49B2BDBE89F00455A3B /* Assets.xcassets in Resources */,
				A206F49E2BDBE89F00455A3B /* Base in Resources */,
				A206F4992BDBE89E00455A3B /* Base in Resources */,
			);
			runOnlyForDeploymentPostprocessing = 0;
		};
		A206F4A22BDBE89F00455A3B /* Resources */ = {
			isa = PBXResourcesBuildPhase;
			buildActionMask = 2147483647;
			files = (
			);
			runOnlyForDeploymentPostprocessing = 0;
		};
		A206F4AC2BDBE89F00455A3B /* Resources */ = {
			isa = PBXResourcesBuildPhase;
			buildActionMask = 2147483647;
			files = (
			);
			runOnlyForDeploymentPostprocessing = 0;
		};
/* End PBXResourcesBuildPhase section */

/* Begin PBXSourcesBuildPhase section */
		A206F48A2BDBE89E00455A3B /* Sources */ = {
			isa = PBXSourcesBuildPhase;
			buildActionMask = 2147483647;
			files = (
				A206F4962BDBE89E00455A3B /* ViewController.swift in Sources */,
				A206F4922BDBE89E00455A3B /* AppDelegate.swift in Sources */,
				A206F4942BDBE89E00455A3B /* SceneDelegate.swift in Sources */,
			);
			runOnlyForDeploymentPostprocessing = 0;
		};
		A206F4A02BDBE89F00455A3B /* Sources */ = {
			isa = PBXSourcesBuildPhase;
			buildActionMask = 2147483647;
			files = (
				A206F4A92BDBE89F00455A3B /* TodayTests.swift in Sources */,
			);
			runOnlyForDeploymentPostprocessing = 0;
		};
		A206F4AA2BDBE89F00455A3B /* Sources */ = {
			isa = PBXSourcesBuildPhase;
			buildActionMask = 2147483647;
			files = (
				A206F4B52BDBE89F00455A3B /* TodayUITestsLaunchTests.swift in Sources */,
				A206F4B32BDBE89F00455A3B /* TodayUITests.swift in Sources */,
			);
			runOnlyForDeploymentPostprocessing = 0;
		};
/* End PBXSourcesBuildPhase section */

/* Begin PBXTargetDependency section */
		A206F4A62BDBE89F00455A3B /* PBXTargetDependency */ = {
			isa = PBXTargetDependency;
			target = A206F48D2BDBE89E00455A3B /* Today */;
			targetProxy = A206F4A52BDBE89F00455A3B /* PBXContainerItemProxy */;
		};
		A206F4B02BDBE89F00455A3B /* PBXTargetDependency */ = {
			isa = PBXTargetDependency;
			target = A206F48D2BDBE89E00455A3B /* Today */;
			targetProxy = A206F4AF2BDBE89F00455A3B /* PBXContainerItemProxy */;
		};
/* End PBXTargetDependency section */

/* Begin PBXVariantGroup section */
		A206F4972BDBE89E00455A3B /* Main.storyboard */ = {
			isa = PBXVariantGroup;
			children = (
				A206F4982BDBE89E00455A3B /* Base */,
			);
			name = Main.storyboard;
			sourceTree = "<group>";
		};
		A206F49C2BDBE89F00455A3B /* LaunchScreen.storyboard */ = {
			isa = PBXVariantGroup;
			children = (
				A206F49D2BDBE89F00455A3B /* Base */,
			);
			name = LaunchScreen.storyboard;
			sourceTree = "<group>";
		};
/* End PBXVariantGroup section */

/* Begin XCBuildConfiguration section */
		A206F4B62BDBE89F00455A3B /* Debug */ = {
			isa = XCBuildConfiguration;
			buildSettings = {
				ALWAYS_SEARCH_USER_PATHS = NO;
				ASSETCATALOG_COMPILER_GENERATE_SWIFT_ASSET_SYMBOL_EXTENSIONS = YES;
				CLANG_ANALYZER_NONNULL = YES;
				CLANG_ANALYZER_NUMBER_OBJECT_CONVERSION = YES_AGGRESSIVE;
				CLANG_CXX_LANGUAGE_STANDARD = "gnu++20";
				CLANG_ENABLE_MODULES = YES;
				CLANG_ENABLE_OBJC_ARC = YES;
				CLANG_ENABLE_OBJC_WEAK = YES;
				CLANG_WARN_BLOCK_CAPTURE_AUTORELEASING = YES;
				CLANG_WARN_BOOL_CONVERSION = YES;
				CLANG_WARN_COMMA = YES;
				CLANG_WARN_CONSTANT_CONVERSION = YES;
				CLANG_WARN_DEPRECATED_OBJC_IMPLEMENTATIONS = YES;
				CLANG_WARN_DIRECT_OBJC_ISA_USAGE = YES_ERROR;
				CLANG_WARN_DOCUMENTATION_COMMENTS = YES;
				CLANG_WARN_EMPTY_BODY = YES;
				CLANG_WARN_ENUM_CONVERSION = YES;
				CLANG_WARN_INFINITE_RECURSION = YES;
				CLANG_WARN_INT_CONVERSION = YES;
				CLANG_WARN_NON_LITERAL_NULL_CONVERSION = YES;
				CLANG_WARN_OBJC_IMPLICIT_RETAIN_SELF = YES;
				CLANG_WARN_OBJC_LITERAL_CONVERSION = YES;
				CLANG_WARN_OBJC_ROOT_CLASS = YES_ERROR;
				CLANG_WARN_QUOTED_INCLUDE_IN_FRAMEWORK_HEADER = YES;
				CLANG_WARN_RANGE_LOOP_ANALYSIS = YES;
				CLANG_WARN_STRICT_PROTOTYPES = YES;
				CLANG_WARN_SUSPICIOUS_MOVE = YES;
				CLANG_WARN_UNGUARDED_AVAILABILITY = YES_AGGRESSIVE;
				CLANG_WARN_UNREACHABLE_CODE = YES;
				CLANG_WARN__DUPLICATE_METHOD_MATCH = YES;
				COPY_PHASE_STRIP = NO;
				DEBUG_INFORMATION_FORMAT = dwarf;
				ENABLE_STRICT_OBJC_MSGSEND = YES;
				ENABLE_TESTABILITY = YES;
				ENABLE_USER_SCRIPT_SANDBOXING = YES;
				GCC_C_LANGUAGE_STANDARD = gnu17;
				GCC_DYNAMIC_NO_PIC = NO;
				GCC_NO_COMMON_BLOCKS = YES;
				GCC_OPTIMIZATION_LEVEL = 0;
				GCC_PREPROCESSOR_DEFINITIONS = (
					"DEBUG=1",
					"$(inherited)",
				);
				GCC_WARN_64_TO_32_BIT_CONVERSION = YES;
				GCC_WARN_ABOUT_RETURN_TYPE = YES_ERROR;
				GCC_WARN_UNDECLARED_SELECTOR = YES;
				GCC_WARN_UNINITIALIZED_AUTOS = YES_AGGRESSIVE;
				GCC_WARN_UNUSED_FUNCTION = YES;
				GCC_WARN_UNUSED_VARIABLE = YES;
				IPHONEOS_DEPLOYMENT_TARGET = 17.4;
				LOCALIZATION_PREFERS_STRING_CATALOGS = YES;
				MTL_ENABLE_DEBUG_INFO = INCLUDE_SOURCE;
				MTL_FAST_MATH = YES;
				ONLY_ACTIVE_ARCH = YES;
				SDKROOT = iphoneos;
				SWIFT_ACTIVE_COMPILATION_CONDITIONS = "DEBUG $(inherited)";
				SWIFT_OPTIMIZATION_LEVEL = "-Onone";
			};
			name = Debug;
		};
		A206F4B72BDBE89F00455A3B /* Release */ = {
			isa = XCBuildConfiguration;
			buildSettings = {
				ALWAYS_SEARCH_USER_PATHS = NO;
				ASSETCATALOG_COMPILER_GENERATE_SWIFT_ASSET_SYMBOL_EXTENSIONS = YES;
				CLANG_ANALYZER_NONNULL = YES;
				CLANG_ANALYZER_NUMBER_OBJECT_CONVERSION = YES_AGGRESSIVE;
				CLANG_CXX_LANGUAGE_STANDARD = "gnu++20";
				CLANG_ENABLE_MODULES = YES;
				CLANG_ENABLE_OBJC_ARC = YES;
				CLANG_ENABLE_OBJC_WEAK = YES;
				CLANG_WARN_BLOCK_CAPTURE_AUTORELEASING = YES;
				CLANG_WARN_BOOL_CONVERSION = YES;
				CLANG_WARN_COMMA = YES;
				CLANG_WARN_CONSTANT_CONVERSION = YES;
				CLANG_WARN_DEPRECATED_OBJC_IMPLEMENTATIONS = YES;
				CLANG_WARN_DIRECT_OBJC_ISA_USAGE = YES_ERROR;
				CLANG_WARN_DOCUMENTATION_COMMENTS = YES;
				CLANG_WARN_EMPTY_BODY = YES;
				CLANG_WARN_ENUM_CONVERSION = YES;
				CLANG_WARN_INFINITE_RECURSION = YES;
				CLANG_WARN_INT_CONVERSION = YES;
				CLANG_WARN_NON_LITERAL_NULL_CONVERSION = YES;
				CLANG_WARN_OBJC_IMPLICIT_RETAIN_SELF = YES;
				CLANG_WARN_OBJC_LITERAL_CONVERSION = YES;
				CLANG_WARN_OBJC_ROOT_CLASS = YES_ERROR;
				CLANG_WARN_QUOTED_INCLUDE_IN_FRAMEWORK_HEADER = YES;
				CLANG_WARN_RANGE_LOOP_ANALYSIS = YES;
				CLANG_WARN_STRICT_PROTOTYPES = YES;
				CLANG_WARN_SUSPICIOUS_MOVE = YES;
				CLANG_WARN_UNGUARDED_AVAILABILITY = YES_AGGRESSIVE;
				CLANG_WARN_UNREACHABLE_CODE = YES;
				CLANG_WARN__DUPLICATE_METHOD_MATCH = YES;
				COPY_PHASE_STRIP = NO;
				DEBUG_INFORMATION_FORMAT = "dwarf-with-dsym";
				ENABLE_NS_ASSERTIONS = NO;
				ENABLE_STRICT_OBJC_MSGSEND = YES;
				ENABLE_USER_SCRIPT_SANDBOXING = YES;
				GCC_C_LANGUAGE_STANDARD = gnu17;
				GCC_NO_COMMON_BLOCKS = YES;
				GCC_WARN_64_TO_32_BIT_CONVERSION = YES;
				GCC_WARN_ABOUT_RETURN_TYPE = YES_ERROR;
				GCC_WARN_UNDECLARED_SELECTOR = YES;
				GCC_WARN_UNINITIALIZED_AUTOS = YES_AGGRESSIVE;
				GCC_WARN_UNUSED_FUNCTION = YES;
				GCC_WARN_UNUSED_VARIABLE = YES;
				IPHONEOS_DEPLOYMENT_TARGET = 17.4;
				LOCALIZATION_PREFERS_STRING_CATALOGS = YES;
				MTL_ENABLE_DEBUG_INFO = NO;
				MTL_FAST_MATH = YES;
				SDKROOT = iphoneos;
				SWIFT_COMPILATION_MODE = wholemodule;
				VALIDATE_PRODUCT = YES;
			};
			name = Release;
		};
		A206F4B92BDBE89F00455A3B /* Debug */ = {
			isa = XCBuildConfiguration;
			buildSettings = {
				ASSETCATALOG_COMPILER_APPICON_NAME = AppIcon;
				ASSETCATALOG_COMPILER_GLOBAL_ACCENT_COLOR_NAME = AccentColor;
				CODE_SIGN_STYLE = Automatic;
				CURRENT_PROJECT_VERSION = 1;
				DEVELOPMENT_TEAM = 7DR6S2464R;
				GENERATE_INFOPLIST_FILE = YES;
				INFOPLIST_FILE = Today/Info.plist;
				INFOPLIST_KEY_UIApplicationSupportsIndirectInputEvents = YES;
				INFOPLIST_KEY_UILaunchStoryboardName = LaunchScreen;
				INFOPLIST_KEY_UIMainStoryboardFile = Main;
				INFOPLIST_KEY_UISupportedInterfaceOrientations_iPad = "UIInterfaceOrientationPortrait UIInterfaceOrientationPortraitUpsideDown UIInterfaceOrientationLandscapeLeft UIInterfaceOrientationLandscapeRight";
				INFOPLIST_KEY_UISupportedInterfaceOrientations_iPhone = "UIInterfaceOrientationPortrait UIInterfaceOrientationLandscapeLeft UIInterfaceOrientationLandscapeRight";
				LD_RUNPATH_SEARCH_PATHS = (
					"$(inherited)",
					"@executable_path/Frameworks",
				);
				MARKETING_VERSION = 1.0;
				PRODUCT_BUNDLE_IDENTIFIER = me.myName.Today;
				PRODUCT_NAME = "$(TARGET_NAME)";
				SWIFT_EMIT_LOC_STRINGS = YES;
				SWIFT_VERSION = 5.0;
				TARGETED_DEVICE_FAMILY = "1,2";
			};
			name = Debug;
		};
		A206F4BA2BDBE89F00455A3B /* Release */ = {
			isa = XCBuildConfiguration;
			buildSettings = {
				ASSETCATALOG_COMPILER_APPICON_NAME = AppIcon;
				ASSETCATALOG_COMPILER_GLOBAL_ACCENT_COLOR_NAME = AccentColor;
				CODE_SIGN_STYLE = Automatic;
				CURRENT_PROJECT_VERSION = 1;
				DEVELOPMENT_TEAM = 7DR6S2464R;
				GENERATE_INFOPLIST_FILE = YES;
				INFOPLIST_FILE = Today/Info.plist;
				INFOPLIST_KEY_UIApplicationSupportsIndirectInputEvents = YES;
				INFOPLIST_KEY_UILaunchStoryboardName = LaunchScreen;
				INFOPLIST_KEY_UIMainStoryboardFile = Main;
				INFOPLIST_KEY_UISupportedInterfaceOrientations_iPad = "UIInterfaceOrientationPortrait UIInterfaceOrientationPortraitUpsideDown UIInterfaceOrientationLandscapeLeft UIInterfaceOrientationLandscapeRight";
				INFOPLIST_KEY_UISupportedInterfaceOrientations_iPhone = "UIInterfaceOrientationPortrait UIInterfaceOrientationLandscapeLeft UIInterfaceOrientationLandscapeRight";
				LD_RUNPATH_SEARCH_PATHS = (
					"$(inherited)",
					"@executable_path/Frameworks",
				);
				MARKETING_VERSION = 1.0;
				PRODUCT_BUNDLE_IDENTIFIER = me.myName.Today;
				PRODUCT_NAME = "$(TARGET_NAME)";
				SWIFT_EMIT_LOC_STRINGS = YES;
				SWIFT_VERSION = 5.0;
				TARGETED_DEVICE_FAMILY = "1,2";
			};
			name = Release;
		};
		A206F4BC2BDBE89F00455A3B /* Debug */ = {
			isa = XCBuildConfiguration;
			buildSettings = {
				ALWAYS_EMBED_SWIFT_STANDARD_LIBRARIES = YES;
				BUNDLE_LOADER = "$(TEST_HOST)";
				CODE_SIGN_STYLE = Automatic;
				CURRENT_PROJECT_VERSION = 1;
				DEVELOPMENT_TEAM = 7DR6S2464R;
				GENERATE_INFOPLIST_FILE = YES;
				IPHONEOS_DEPLOYMENT_TARGET = 17.4;
				MARKETING_VERSION = 1.0;
				PRODUCT_BUNDLE_IDENTIFIER = me.myName.TodayTests;
				PRODUCT_NAME = "$(TARGET_NAME)";
				SWIFT_EMIT_LOC_STRINGS = NO;
				SWIFT_VERSION = 5.0;
				TARGETED_DEVICE_FAMILY = "1,2";
				TEST_HOST = "$(BUILT_PRODUCTS_DIR)/Today.app/$(BUNDLE_EXECUTABLE_FOLDER_PATH)/Today";
			};
			name = Debug;
		};
		A206F4BD2BDBE89F00455A3B /* Release */ = {
			isa = XCBuildConfiguration;
			buildSettings = {
				ALWAYS_EMBED_SWIFT_STANDARD_LIBRARIES = YES;
				BUNDLE_LOADER = "$(TEST_HOST)";
				CODE_SIGN_STYLE = Automatic;
				CURRENT_PROJECT_VERSION = 1;
				DEVELOPMENT_TEAM = 7DR6S2464R;
				GENERATE_INFOPLIST_FILE = YES;
				IPHONEOS_DEPLOYMENT_TARGET = 17.4;
				MARKETING_VERSION = 1.0;
				PRODUCT_BUNDLE_IDENTIFIER = me.myName.TodayTests;
				PRODUCT_NAME = "$(TARGET_NAME)";
				SWIFT_EMIT_LOC_STRINGS = NO;
				SWIFT_VERSION = 5.0;
				TARGETED_DEVICE_FAMILY = "1,2";
				TEST_HOST = "$(BUILT_PRODUCTS_DIR)/Today.app/$(BUNDLE_EXECUTABLE_FOLDER_PATH)/Today";
			};
			name = Release;
		};
		A206F4BF2BDBE89F00455A3B /* Debug */ = {
			isa = XCBuildConfiguration;
			buildSettings = {
				ALWAYS_EMBED_SWIFT_STANDARD_LIBRARIES = YES;
				CODE_SIGN_STYLE = Automatic;
				CURRENT_PROJECT_VERSION = 1;
				DEVELOPMENT_TEAM = 7DR6S2464R;
				GENERATE_INFOPLIST_FILE = YES;
				MARKETING_VERSION = 1.0;
				PRODUCT_BUNDLE_IDENTIFIER = me.myName.TodayUITests;
				PRODUCT_NAME = "$(TARGET_NAME)";
				SWIFT_EMIT_LOC_STRINGS = NO;
				SWIFT_VERSION = 5.0;
				TARGETED_DEVICE_FAMILY = "1,2";
				TEST_TARGET_NAME = Today;
			};
			name = Debug;
		};
		A206F4C02BDBE89F00455A3B /* Release */ = {
			isa = XCBuildConfiguration;
			buildSettings = {
				ALWAYS_EMBED_SWIFT_STANDARD_LIBRARIES = YES;
				CODE_SIGN_STYLE = Automatic;
				CURRENT_PROJECT_VERSION = 1;
				DEVELOPMENT_TEAM = 7DR6S2464R;
				GENERATE_INFOPLIST_FILE = YES;
				MARKETING_VERSION = 1.0;
				PRODUCT_BUNDLE_IDENTIFIER = me.myName.TodayUITests;
				PRODUCT_NAME = "$(TARGET_NAME)";
				SWIFT_EMIT_LOC_STRINGS = NO;
				SWIFT_VERSION = 5.0;
				TARGETED_DEVICE_FAMILY = "1,2";
				TEST_TARGET_NAME = Today;
			};
			name = Release;
		};
/* End XCBuildConfiguration section */

/* Begin XCConfigurationList section */
		A206F4892BDBE89E00455A3B /* Build configuration list for PBXProject "Today" */ = {
			isa = XCConfigurationList;
			buildConfigurations = (
				A206F4B62BDBE89F00455A3B /* Debug */,
				A206F4B72BDBE89F00455A3B /* Release */,
			);
			defaultConfigurationIsVisible = 0;
			defaultConfigurationName = Release;
		};
		A206F4B82BDBE89F00455A3B /* Build configuration list for PBXNativeTarget "Today" */ = {
			isa = XCConfigurationList;
			buildConfigurations = (
				A206F4B92BDBE89F00455A3B /* Debug */,
				A206F4BA2BDBE89F00455A3B /* Release */,
			);
			defaultConfigurationIsVisible = 0;
			defaultConfigurationName = Release;
		};
		A206F4BB2BDBE89F00455A3B /* Build configuration list for PBXNativeTarget "TodayTests" */ = {
			isa = XCConfigurationList;
			buildConfigurations = (
				A206F4BC2BDBE89F00455A3B /* Debug */,
				A206F4BD2BDBE89F00455A3B /* Release */,
			);
			defaultConfigurationIsVisible = 0;
			defaultConfigurationName = Release;
		};
		A206F4BE2BDBE89F00455A3B /* Build configuration list for PBXNativeTarget "TodayUITests" */ = {
			isa = XCConfigurationList;
			buildConfigurations = (
				A206F4BF2BDBE89F00455A3B /* Debug */,
				A206F4C02BDBE89F00455A3B /* Release */,
			);
			defaultConfigurationIsVisible = 0;
			defaultConfigurationName = Release;
		};
/* End XCConfigurationList section */
	};
	rootObject = A206F4862BDBE89E00455A3B /* Project object */;
}
